
Microsoft Visual Studio Solution File, Format Version 12.00
Project("{FAE04EC0-301F-11D3-BF4B-00C04F79EFBC}") = "API", "API\API.csproj", "{67D927DA-3DA9-48F7-A013-B972EACB546D}"
EndProject
Project("{FAE04EC0-301F-11D3-BF4B-00C04F79EFBC}") = "Application", "Application\Application.csproj", "{4AFFB710-59D4-47BB-B022-69FBDB85ABEC}"
EndProject
Project("{FAE04EC0-301F-11D3-BF4B-00C04F79EFBC}") = "Domain", "Domain\Domain.csproj", "{B34DD167-D691-4E9C-8BEA-ECA940626650}"
EndProject
Project("{FAE04EC0-301F-11D3-BF4B-00C04F79EFBC}") = "Infrastructure", "Infrastructure\Infrastructure.csproj", "{100D351A-EEE9-4A19-A171-BB353C321A9D}"
EndProject
Global
	GlobalSection(SolutionConfigurationPlatforms) = preSolution
		Debug|Any CPU = Debug|Any CPU
		Release|Any CPU = Release|Any CPU
	EndGlobalSection
	GlobalSection(ProjectConfigurationPlatforms) = postSolution
		{67D927DA-3DA9-48F7-A013-B972EACB546D}.Debug|Any CPU.ActiveCfg = Debug|Any CPU
		{67D927DA-3DA9-48F7-A013-B972EACB546D}.Debug|Any CPU.Build.0 = Debug|Any CPU
		{67D927DA-3DA9-48F7-A013-B972EACB546D}.Release|Any CPU.ActiveCfg = Release|Any CPU
		{67D927DA-3DA9-48F7-A013-B972EACB546D}.Release|Any CPU.Build.0 = Release|Any CPU
		{4AFFB710-59D4-47BB-B022-69FBDB85ABEC}.Debug|Any CPU.ActiveCfg = Debug|Any CPU
		{4AFFB710-59D4-47BB-B022-69FBDB85ABEC}.Debug|Any CPU.Build.0 = Debug|Any CPU
		{4AFFB710-59D4-47BB-B022-69FBDB85ABEC}.Release|Any CPU.ActiveCfg = Release|Any CPU
		{4AFFB710-59D4-47BB-B022-69FBDB85ABEC}.Release|Any CPU.Build.0 = Release|Any CPU
		{B34DD167-D691-4E9C-8BEA-ECA940626650}.Debug|Any CPU.ActiveCfg = Debug|Any CPU
		{B34DD167-D691-4E9C-8BEA-ECA940626650}.Debug|Any CPU.Build.0 = Debug|Any CPU
		{B34DD167-D691-4E9C-8BEA-ECA940626650}.Release|Any CPU.ActiveCfg = Release|Any CPU
		{B34DD167-D691-4E9C-8BEA-ECA940626650}.Release|Any CPU.Build.0 = Release|Any CPU
		{100D351A-EEE9-4A19-A171-BB353C321A9D}.Debug|Any CPU.ActiveCfg = Debug|Any CPU
		{100D351A-EEE9-4A19-A171-BB353C321A9D}.Debug|Any CPU.Build.0 = Debug|Any CPU
		{100D351A-EEE9-4A19-A171-BB353C321A9D}.Release|Any CPU.ActiveCfg = Release|Any CPU
		{100D351A-EEE9-4A19-A171-BB353C321A9D}.Release|Any CPU.Build.0 = Release|Any CPU
	EndGlobalSection
EndGlobal
